// !$*UTF8*$!
{
	archiveVersion = 1;
	classes = {
	};
	objectVersion = 56;
	objects = {

/* Begin PBXBuildFile section */
		E094024A2948905500404CF0 /* BitCoinPriceApp.swift in Sources */ = {isa = PBXBuildFile; fileRef = E09402492948905500404CF0 /* BitCoinPriceApp.swift */; };
		E094024C2948905500404CF0 /* PriceView.swift in Sources */ = {isa = PBXBuildFile; fileRef = E094024B2948905500404CF0 /* PriceView.swift */; };
		E094024E2948905600404CF0 /* Assets.xcassets in Resources */ = {isa = PBXBuildFile; fileRef = E094024D2948905600404CF0 /* Assets.xcassets */; };
		E09402512948905600404CF0 /* Preview Assets.xcassets in Resources */ = {isa = PBXBuildFile; fileRef = E09402502948905600404CF0 /* Preview Assets.xcassets */; };
		E09402592948910E00404CF0 /* ReadingView.swift in Sources */ = {isa = PBXBuildFile; fileRef = E09402582948910E00404CF0 /* ReadingView.swift */; };
		E094025B294899A000404CF0 /* TitleView.swift in Sources */ = {isa = PBXBuildFile; fileRef = E094025A294899A000404CF0 /* TitleView.swift */; };
		E094025E29489F0E00404CF0 /* Color+helpers.swift in Sources */ = {isa = PBXBuildFile; fileRef = E094025D29489F0E00404CF0 /* Color+helpers.swift */; };
		E09402602948AE8300404CF0 /* ResourceLoader.swift in Sources */ = {isa = PBXBuildFile; fileRef = E094025F2948AE8300404CF0 /* ResourceLoader.swift */; };
		E09402622948B1BE00404CF0 /* PriceModel.swift in Sources */ = {isa = PBXBuildFile; fileRef = E09402612948B1BE00404CF0 /* PriceModel.swift */; };
		E09402642948B48600404CF0 /* PriceViewModel.swift in Sources */ = {isa = PBXBuildFile; fileRef = E09402632948B48600404CF0 /* PriceViewModel.swift */; };
		E09402692948FDBB00404CF0 /* PriceMapper.swift in Sources */ = {isa = PBXBuildFile; fileRef = E09402682948FDBB00404CF0 /* PriceMapper.swift */; };
		E094026D294906B500404CF0 /* HTTPClient.swift in Sources */ = {isa = PBXBuildFile; fileRef = E094026C294906B400404CF0 /* HTTPClient.swift */; };
		E094026F294906DE00404CF0 /* URLSessionClient.swift in Sources */ = {isa = PBXBuildFile; fileRef = E094026E294906DE00404CF0 /* URLSessionClient.swift */; };
		E094027229490DB000404CF0 /* RefreshButtonView.swift in Sources */ = {isa = PBXBuildFile; fileRef = E094027129490DB000404CF0 /* RefreshButtonView.swift */; };
		E0940274294913F800404CF0 /* Log+helper.swift in Sources */ = {isa = PBXBuildFile; fileRef = E0940273294913F800404CF0 /* Log+helper.swift */; };
/* End PBXBuildFile section */

/* Begin PBXFileReference section */
		E09402462948905500404CF0 /* BitCoinPrice.app */ = {isa = PBXFileReference; explicitFileType = wrapper.application; includeInIndex = 0; path = BitCoinPrice.app; sourceTree = BUILT_PRODUCTS_DIR; };
		E09402492948905500404CF0 /* BitCoinPriceApp.swift */ = {isa = PBXFileReference; lastKnownFileType = sourcecode.swift; path = BitCoinPriceApp.swift; sourceTree = "<group>"; };
		E094024B2948905500404CF0 /* PriceView.swift */ = {isa = PBXFileReference; lastKnownFileType = sourcecode.swift; path = PriceView.swift; sourceTree = "<group>"; };
		E094024D2948905600404CF0 /* Assets.xcassets */ = {isa = PBXFileReference; lastKnownFileType = folder.assetcatalog; path = Assets.xcassets; sourceTree = "<group>"; };
		E09402502948905600404CF0 /* Preview Assets.xcassets */ = {isa = PBXFileReference; lastKnownFileType = folder.assetcatalog; path = "Preview Assets.xcassets"; sourceTree = "<group>"; };
		E09402582948910E00404CF0 /* ReadingView.swift */ = {isa = PBXFileReference; lastKnownFileType = sourcecode.swift; path = ReadingView.swift; sourceTree = "<group>"; };
		E094025A294899A000404CF0 /* TitleView.swift */ = {isa = PBXFileReference; lastKnownFileType = sourcecode.swift; path = TitleView.swift; sourceTree = "<group>"; };
		E094025D29489F0E00404CF0 /* Color+helpers.swift */ = {isa = PBXFileReference; lastKnownFileType = sourcecode.swift; path = "Color+helpers.swift"; sourceTree = "<group>"; };
		E094025F2948AE8300404CF0 /* ResourceLoader.swift */ = {isa = PBXFileReference; lastKnownFileType = sourcecode.swift; path = ResourceLoader.swift; sourceTree = "<group>"; };
		E09402612948B1BE00404CF0 /* PriceModel.swift */ = {isa = PBXFileReference; lastKnownFileType = sourcecode.swift; path = PriceModel.swift; sourceTree = "<group>"; };
		E09402632948B48600404CF0 /* PriceViewModel.swift */ = {isa = PBXFileReference; lastKnownFileType = sourcecode.swift; path = PriceViewModel.swift; sourceTree = "<group>"; };
		E09402682948FDBB00404CF0 /* PriceMapper.swift */ = {isa = PBXFileReference; lastKnownFileType = sourcecode.swift; path = PriceMapper.swift; sourceTree = "<group>"; };
		E094026C294906B400404CF0 /* HTTPClient.swift */ = {isa = PBXFileReference; lastKnownFileType = sourcecode.swift; path = HTTPClient.swift; sourceTree = "<group>"; };
		E094026E294906DE00404CF0 /* URLSessionClient.swift */ = {isa = PBXFileReference; lastKnownFileType = sourcecode.swift; path = URLSessionClient.swift; sourceTree = "<group>"; };
		E094027129490DB000404CF0 /* RefreshButtonView.swift */ = {isa = PBXFileReference; lastKnownFileType = sourcecode.swift; path = RefreshButtonView.swift; sourceTree = "<group>"; };
		E0940273294913F800404CF0 /* Log+helper.swift */ = {isa = PBXFileReference; lastKnownFileType = sourcecode.swift; path = "Log+helper.swift"; sourceTree = "<group>"; };
/* End PBXFileReference section */

/* Begin PBXFrameworksBuildPhase section */
		E09402432948905500404CF0 /* Frameworks */ = {
			isa = PBXFrameworksBuildPhase;
			buildActionMask = 2147483647;
			files = (
			);
			runOnlyForDeploymentPostprocessing = 0;
		};
/* End PBXFrameworksBuildPhase section */

/* Begin PBXGroup section */
		E094023D2948905500404CF0 = {
			isa = PBXGroup;
			children = (
				E09402482948905500404CF0 /* BitCoinPrice */,
				E09402472948905500404CF0 /* Products */,
			);
			sourceTree = "<group>";
		};
		E09402472948905500404CF0 /* Products */ = {
			isa = PBXGroup;
			children = (
				E09402462948905500404CF0 /* BitCoinPrice.app */,
			);
			name = Products;
			sourceTree = "<group>";
		};
		E09402482948905500404CF0 /* BitCoinPrice */ = {
			isa = PBXGroup;
			children = (
				E094025C29489EFE00404CF0 /* Extensions */,
				E0940270294906ED00404CF0 /* Network Infra */,
				E09402672948FC7500404CF0 /* API */,
				E09402662948FC6800404CF0 /* ViewModel */,
				E09402652948FC5A00404CF0 /* Model */,
				E0940257294890FB00404CF0 /* Views */,
				E09402492948905500404CF0 /* BitCoinPriceApp.swift */,
				E094024D2948905600404CF0 /* Assets.xcassets */,
				E094024F2948905600404CF0 /* Preview Content */,
			);
			path = BitCoinPrice;
			sourceTree = "<group>";
		};
		E094024F2948905600404CF0 /* Preview Content */ = {
			isa = PBXGroup;
			children = (
				E09402502948905600404CF0 /* Preview Assets.xcassets */,
			);
			path = "Preview Content";
			sourceTree = "<group>";
		};
		E0940257294890FB00404CF0 /* Views */ = {
			isa = PBXGroup;
			children = (
				E094024B2948905500404CF0 /* PriceView.swift */,
				E09402582948910E00404CF0 /* ReadingView.swift */,
				E094025A294899A000404CF0 /* TitleView.swift */,
				E094027129490DB000404CF0 /* RefreshButtonView.swift */,
			);
			path = Views;
			sourceTree = "<group>";
		};
		E094025C29489EFE00404CF0 /* Extensions */ = {
			isa = PBXGroup;
			children = (
				E094025D29489F0E00404CF0 /* Color+helpers.swift */,
				E0940273294913F800404CF0 /* Log+helper.swift */,
			);
			path = Extensions;
			sourceTree = "<group>";
		};
		E09402652948FC5A00404CF0 /* Model */ = {
			isa = PBXGroup;
			children = (
				E09402612948B1BE00404CF0 /* PriceModel.swift */,
			);
			path = Model;
			sourceTree = "<group>";
		};
		E09402662948FC6800404CF0 /* ViewModel */ = {
			isa = PBXGroup;
			children = (
				E09402632948B48600404CF0 /* PriceViewModel.swift */,
			);
			path = ViewModel;
			sourceTree = "<group>";
		};
		E09402672948FC7500404CF0 /* API */ = {
			isa = PBXGroup;
			children = (
				E094025F2948AE8300404CF0 /* ResourceLoader.swift */,
				E09402682948FDBB00404CF0 /* PriceMapper.swift */,
			);
			path = API;
			sourceTree = "<group>";
		};
		E0940270294906ED00404CF0 /* Network Infra */ = {
			isa = PBXGroup;
			children = (
				E094026C294906B400404CF0 /* HTTPClient.swift */,
				E094026E294906DE00404CF0 /* URLSessionClient.swift */,
			);
			path = "Network Infra";
			sourceTree = "<group>";
		};
/* End PBXGroup section */

/* Begin PBXNativeTarget section */
		E09402452948905500404CF0 /* BitCoinPrice */ = {
			isa = PBXNativeTarget;
			buildConfigurationList = E09402542948905600404CF0 /* Build configuration list for PBXNativeTarget "BitCoinPrice" */;
			buildPhases = (
				E09402422948905500404CF0 /* Sources */,
				E09402432948905500404CF0 /* Frameworks */,
				E09402442948905500404CF0 /* Resources */,
			);
			buildRules = (
			);
			dependencies = (
			);
			name = BitCoinPrice;
			productName = BitCoinPrice;
			productReference = E09402462948905500404CF0 /* BitCoinPrice.app */;
			productType = "com.apple.product-type.application";
		};
/* End PBXNativeTarget section */

/* Begin PBXProject section */
		E094023E2948905500404CF0 /* Project object */ = {
			isa = PBXProject;
			attributes = {
				BuildIndependentTargetsInParallel = 1;
				LastSwiftUpdateCheck = 1410;
				LastUpgradeCheck = 1410;
				TargetAttributes = {
					E09402452948905500404CF0 = {
						CreatedOnToolsVersion = 14.1;
					};
				};
			};
			buildConfigurationList = E09402412948905500404CF0 /* Build configuration list for PBXProject "BitCoinPrice" */;
			compatibilityVersion = "Xcode 14.0";
			developmentRegion = en;
			hasScannedForEncodings = 0;
			knownRegions = (
				en,
				Base,
			);
			mainGroup = E094023D2948905500404CF0;
			productRefGroup = E09402472948905500404CF0 /* Products */;
			projectDirPath = "";
			projectRoot = "";
			targets = (
				E09402452948905500404CF0 /* BitCoinPrice */,
			);
		};
/* End PBXProject section */

/* Begin PBXResourcesBuildPhase section */
		E09402442948905500404CF0 /* Resources */ = {
			isa = PBXResourcesBuildPhase;
			buildActionMask = 2147483647;
			files = (
				E09402512948905600404CF0 /* Preview Assets.xcassets in Resources */,
				E094024E2948905600404CF0 /* Assets.xcassets in Resources */,
			);
			runOnlyForDeploymentPostprocessing = 0;
		};
/* End PBXResourcesBuildPhase section */

/* Begin PBXSourcesBuildPhase section */
		E09402422948905500404CF0 /* Sources */ = {
			isa = PBXSourcesBuildPhase;
			buildActionMask = 2147483647;
			files = (
				E09402592948910E00404CF0 /* ReadingView.swift in Sources */,
				E094027229490DB000404CF0 /* RefreshButtonView.swift in Sources */,
				E094024C2948905500404CF0 /* PriceView.swift in Sources */,
				E0940274294913F800404CF0 /* Log+helper.swift in Sources */,
				E094024A2948905500404CF0 /* BitCoinPriceApp.swift in Sources */,
				E094026F294906DE00404CF0 /* URLSessionClient.swift in Sources */,
				E094025B294899A000404CF0 /* TitleView.swift in Sources */,
				E09402622948B1BE00404CF0 /* PriceModel.swift in Sources */,
				E09402692948FDBB00404CF0 /* PriceMapper.swift in Sources */,
				E094026D294906B500404CF0 /* HTTPClient.swift in Sources */,
				E09402602948AE8300404CF0 /* ResourceLoader.swift in Sources */,
				E09402642948B48600404CF0 /* PriceViewModel.swift in Sources */,
				E094025E29489F0E00404CF0 /* Color+helpers.swift in Sources */,
			);
			runOnlyForDeploymentPostprocessing = 0;
		};
/* End PBXSourcesBuildPhase section */

/* Begin XCBuildConfiguration section */
		E09402522948905600404CF0 /* Debug */ = {
			isa = XCBuildConfiguration;
			buildSettings = {
				ALWAYS_SEARCH_USER_PATHS = NO;
				CLANG_ANALYZER_NONNULL = YES;
				CLANG_ANALYZER_NUMBER_OBJECT_CONVERSION = YES_AGGRESSIVE;
				CLANG_CXX_LANGUAGE_STANDARD = "gnu++20";
				CLANG_ENABLE_MODULES = YES;
				CLANG_ENABLE_OBJC_ARC = YES;
				CLANG_ENABLE_OBJC_WEAK = YES;
				CLANG_WARN_BLOCK_CAPTURE_AUTORELEASING = YES;
				CLANG_WARN_BOOL_CONVERSION = YES;
				CLANG_WARN_COMMA = YES;
				CLANG_WARN_CONSTANT_CONVERSION = YES;
				CLANG_WARN_DEPRECATED_OBJC_IMPLEMENTATIONS = YES;
				CLANG_WARN_DIRECT_OBJC_ISA_USAGE = YES_ERROR;
				CLANG_WARN_DOCUMENTATION_COMMENTS = YES;
				CLANG_WARN_EMPTY_BODY = YES;
				CLANG_WARN_ENUM_CONVERSION = YES;
				CLANG_WARN_INFINITE_RECURSION = YES;
				CLANG_WARN_INT_CONVERSION = YES;
				CLANG_WARN_NON_LITERAL_NULL_CONVERSION = YES;
				CLANG_WARN_OBJC_IMPLICIT_RETAIN_SELF = YES;
				CLANG_WARN_OBJC_LITERAL_CONVERSION = YES;
				CLANG_WARN_OBJC_ROOT_CLASS = YES_ERROR;
				CLANG_WARN_QUOTED_INCLUDE_IN_FRAMEWORK_HEADER = YES;
				CLANG_WARN_RANGE_LOOP_ANALYSIS = YES;
				CLANG_WARN_STRICT_PROTOTYPES = YES;
				CLANG_WARN_SUSPICIOUS_MOVE = YES;
				CLANG_WARN_UNGUARDED_AVAILABILITY = YES_AGGRESSIVE;
				CLANG_WARN_UNREACHABLE_CODE = YES;
				CLANG_WARN__DUPLICATE_METHOD_MATCH = YES;
				COPY_PHASE_STRIP = NO;
				DEBUG_INFORMATION_FORMAT = dwarf;
				ENABLE_STRICT_OBJC_MSGSEND = YES;
				ENABLE_TESTABILITY = YES;
				GCC_C_LANGUAGE_STANDARD = gnu11;
				GCC_DYNAMIC_NO_PIC = NO;
				GCC_NO_COMMON_BLOCKS = YES;
				GCC_OPTIMIZATION_LEVEL = 0;
				GCC_PREPROCESSOR_DEFINITIONS = (
					"DEBUG=1",
					"$(inherited)",
				);
				GCC_WARN_64_TO_32_BIT_CONVERSION = YES;
				GCC_WARN_ABOUT_RETURN_TYPE = YES_ERROR;
				GCC_WARN_UNDECLARED_SELECTOR = YES;
				GCC_WARN_UNINITIALIZED_AUTOS = YES_AGGRESSIVE;
				GCC_WARN_UNUSED_FUNCTION = YES;
				GCC_WARN_UNUSED_VARIABLE = YES;
				IPHONEOS_DEPLOYMENT_TARGET = 16.1;
				MTL_ENABLE_DEBUG_INFO = INCLUDE_SOURCE;
				MTL_FAST_MATH = YES;
				ONLY_ACTIVE_ARCH = YES;
				SDKROOT = iphoneos;
				SWIFT_ACTIVE_COMPILATION_CONDITIONS = DEBUG;
				SWIFT_OPTIMIZATION_LEVEL = "-Onone";
			};
			name = Debug;
		};
		E09402532948905600404CF0 /* Release */ = {
			isa = XCBuildConfiguration;
			buildSettings = {
				ALWAYS_SEARCH_USER_PATHS = NO;
				CLANG_ANALYZER_NONNULL = YES;
				CLANG_ANALYZER_NUMBER_OBJECT_CONVERSION = YES_AGGRESSIVE;
				CLANG_CXX_LANGUAGE_STANDARD = "gnu++20";
				CLANG_ENABLE_MODULES = YES;
				CLANG_ENABLE_OBJC_ARC = YES;
				CLANG_ENABLE_OBJC_WEAK = YES;
				CLANG_WARN_BLOCK_CAPTURE_AUTORELEASING = YES;
				CLANG_WARN_BOOL_CONVERSION = YES;
				CLANG_WARN_COMMA = YES;
				CLANG_WARN_CONSTANT_CONVERSION = YES;
				CLANG_WARN_DEPRECATED_OBJC_IMPLEMENTATIONS = YES;
				CLANG_WARN_DIRECT_OBJC_ISA_USAGE = YES_ERROR;
				CLANG_WARN_DOCUMENTATION_COMMENTS = YES;
				CLANG_WARN_EMPTY_BODY = YES;
				CLANG_WARN_ENUM_CONVERSION = YES;
				CLANG_WARN_INFINITE_RECURSION = YES;
				CLANG_WARN_INT_CONVERSION = YES;
				CLANG_WARN_NON_LITERAL_NULL_CONVERSION = YES;
				CLANG_WARN_OBJC_IMPLICIT_RETAIN_SELF = YES;
				CLANG_WARN_OBJC_LITERAL_CONVERSION = YES;
				CLANG_WARN_OBJC_ROOT_CLASS = YES_ERROR;
				CLANG_WARN_QUOTED_INCLUDE_IN_FRAMEWORK_HEADER = YES;
				CLANG_WARN_RANGE_LOOP_ANALYSIS = YES;
				CLANG_WARN_STRICT_PROTOTYPES = YES;
				CLANG_WARN_SUSPICIOUS_MOVE = YES;
				CLANG_WARN_UNGUARDED_AVAILABILITY = YES_AGGRESSIVE;
				CLANG_WARN_UNREACHABLE_CODE = YES;
				CLANG_WARN__DUPLICATE_METHOD_MATCH = YES;
				COPY_PHASE_STRIP = NO;
				DEBUG_INFORMATION_FORMAT = "dwarf-with-dsym";
				ENABLE_NS_ASSERTIONS = NO;
				ENABLE_STRICT_OBJC_MSGSEND = YES;
				GCC_C_LANGUAGE_STANDARD = gnu11;
				GCC_NO_COMMON_BLOCKS = YES;
				GCC_WARN_64_TO_32_BIT_CONVERSION = YES;
				GCC_WARN_ABOUT_RETURN_TYPE = YES_ERROR;
				GCC_WARN_UNDECLARED_SELECTOR = YES;
				GCC_WARN_UNINITIALIZED_AUTOS = YES_AGGRESSIVE;
				GCC_WARN_UNUSED_FUNCTION = YES;
				GCC_WARN_UNUSED_VARIABLE = YES;
				IPHONEOS_DEPLOYMENT_TARGET = 16.1;
				MTL_ENABLE_DEBUG_INFO = NO;
				MTL_FAST_MATH = YES;
				SDKROOT = iphoneos;
				SWIFT_COMPILATION_MODE = wholemodule;
				SWIFT_OPTIMIZATION_LEVEL = "-O";
				VALIDATE_PRODUCT = YES;
			};
			name = Release;
		};
		E09402552948905600404CF0 /* Debug */ = {
			isa = XCBuildConfiguration;
			buildSettings = {
				ASSETCATALOG_COMPILER_APPICON_NAME = AppIcon;
				ASSETCATALOG_COMPILER_GLOBAL_ACCENT_COLOR_NAME = AccentColor;
				CODE_SIGN_STYLE = Automatic;
				CURRENT_PROJECT_VERSION = 1;
				DEVELOPMENT_ASSET_PATHS = "\"BitCoinPrice/Preview Content\"";
				DEVELOPMENT_TEAM = 6D7X34XDMX;
				ENABLE_PREVIEWS = YES;
				GENERATE_INFOPLIST_FILE = YES;
				INFOPLIST_KEY_UIApplicationSceneManifest_Generation = YES;
				INFOPLIST_KEY_UIApplicationSupportsIndirectInputEvents = YES;
				INFOPLIST_KEY_UILaunchScreen_Generation = YES;
				INFOPLIST_KEY_UISupportedInterfaceOrientations_iPad = "UIInterfaceOrientationPortrait UIInterfaceOrientationPortraitUpsideDown UIInterfaceOrientationLandscapeLeft UIInterfaceOrientationLandscapeRight";
				INFOPLIST_KEY_UISupportedInterfaceOrientations_iPhone = "UIInterfaceOrientationPortrait UIInterfaceOrientationLandscapeLeft UIInterfaceOrientationLandscapeRight";
				LD_RUNPATH_SEARCH_PATHS = (
					"$(inherited)",
					"@executable_path/Frameworks",
				);
				MARKETING_VERSION = 1.0;
				PRODUCT_BUNDLE_IDENTIFIER = com.viral7chauhan.BitCoinPrice;
				PRODUCT_NAME = "$(TARGET_NAME)";
				SWIFT_EMIT_LOC_STRINGS = YES;
				SWIFT_VERSION = 5.0;
				TARGETED_DEVICE_FAMILY = "1,2";
			};
			name = Debug;
		};
		E09402562948905600404CF0 /* Release */ = {
			isa = XCBuildConfiguration;
			buildSettings = {
				ASSETCATALOG_COMPILER_APPICON_NAME = AppIcon;
				ASSETCATALOG_COMPILER_GLOBAL_ACCENT_COLOR_NAME = AccentColor;
				CODE_SIGN_STYLE = Automatic;
				CURRENT_PROJECT_VERSION = 1;
				DEVELOPMENT_ASSET_PATHS = "\"BitCoinPrice/Preview Content\"";
				DEVELOPMENT_TEAM = 6D7X34XDMX;
				ENABLE_PREVIEWS = YES;
				GENERATE_INFOPLIST_FILE = YES;
				INFOPLIST_KEY_UIApplicationSceneManifest_Generation = YES;
				INFOPLIST_KEY_UIApplicationSupportsIndirectInputEvents = YES;
				INFOPLIST_KEY_UILaunchScreen_Generation = YES;
				INFOPLIST_KEY_UISupportedInterfaceOrientations_iPad = "UIInterfaceOrientationPortrait UIInterfaceOrientationPortraitUpsideDown UIInterfaceOrientationLandscapeLeft UIInterfaceOrientationLandscapeRight";
				INFOPLIST_KEY_UISupportedInterfaceOrientations_iPhone = "UIInterfaceOrientationPortrait UIInterfaceOrientationLandscapeLeft UIInterfaceOrientationLandscapeRight";
				LD_RUNPATH_SEARCH_PATHS = (
					"$(inherited)",
					"@executable_path/Frameworks",
				);
				MARKETING_VERSION = 1.0;
				PRODUCT_BUNDLE_IDENTIFIER = com.viral7chauhan.BitCoinPrice;
				PRODUCT_NAME = "$(TARGET_NAME)";
				SWIFT_EMIT_LOC_STRINGS = YES;
				SWIFT_VERSION = 5.0;
				TARGETED_DEVICE_FAMILY = "1,2";
			};
			name = Release;
		};
/* End XCBuildConfiguration section */

/* Begin XCConfigurationList section */
		E09402412948905500404CF0 /* Build configuration list for PBXProject "BitCoinPrice" */ = {
			isa = XCConfigurationList;
			buildConfigurations = (
				E09402522948905600404CF0 /* Debug */,
				E09402532948905600404CF0 /* Release */,
			);
			defaultConfigurationIsVisible = 0;
			defaultConfigurationName = Release;
		};
		E09402542948905600404CF0 /* Build configuration list for PBXNativeTarget "BitCoinPrice" */ = {
			isa = XCConfigurationList;
			buildConfigurations = (
				E09402552948905600404CF0 /* Debug */,
				E09402562948905600404CF0 /* Release */,
			);
			defaultConfigurationIsVisible = 0;
			defaultConfigurationName = Release;
		};
/* End XCConfigurationList section */
	};
	rootObject = E094023E2948905500404CF0 /* Project object */;
}
